// !$*UTF8*$!
{
	archiveVersion = 1;
	classes = {
	};
	objectVersion = 46;
	objects = {

/* Begin PBXBuildFile section */
		158465581A8E6BB6009DB20B /* Tabuleiro.m in Sources */ = {isa = PBXBuildFile; fileRef = 158465571A8E6BB6009DB20B /* Tabuleiro.m */; };
		1584655B1A8E72E3009DB20B /* Fila.m in Sources */ = {isa = PBXBuildFile; fileRef = 1584655A1A8E72E3009DB20B /* Fila.m */; };
		158465621A8E7353009DB20B /* Interface.m in Sources */ = {isa = PBXBuildFile; fileRef = 1584655D1A8E7353009DB20B /* Interface.m */; };
		158465631A8E7353009DB20B /* Jogador.m in Sources */ = {isa = PBXBuildFile; fileRef = 1584655F1A8E7353009DB20B /* Jogador.m */; };
		158465641A8E7353009DB20B /* Rank.m in Sources */ = {isa = PBXBuildFile; fileRef = 158465611A8E7353009DB20B /* Rank.m */; };
		52C7C1D41A912C9100C4A92D /* lalala.m in Sources */ = {isa = PBXBuildFile; fileRef = 52C7C1D31A912C9100C4A92D /* lalala.m */; };
		EB290B0F1A8E65DB002F6373 /* main.m in Sources */ = {isa = PBXBuildFile; fileRef = EB290B0E1A8E65DB002F6373 /* main.m */; };
/* End PBXBuildFile section */

/* Begin PBXCopyFilesBuildPhase section */
		EB290B091A8E65DB002F6373 /* CopyFiles */ = {
			isa = PBXCopyFilesBuildPhase;
			buildActionMask = 2147483647;
			dstPath = /usr/share/man/man1/;
			dstSubfolderSpec = 0;
			files = (
			);
			runOnlyForDeploymentPostprocessing = 1;
		};
/* End PBXCopyFilesBuildPhase section */

/* Begin PBXFileReference section */
		158465551A8E6BB6009DB20B /* Cores.h */ = {isa = PBXFileReference; fileEncoding = 4; lastKnownFileType = sourcecode.c.h; path = Cores.h; sourceTree = "<group>"; };
		158465561A8E6BB6009DB20B /* Tabuleiro.h */ = {isa = PBXFileReference; fileEncoding = 4; lastKnownFileType = sourcecode.c.h; path = Tabuleiro.h; sourceTree = "<group>"; };
		158465571A8E6BB6009DB20B /* Tabuleiro.m */ = {isa = PBXFileReference; fileEncoding = 4; lastKnownFileType = sourcecode.c.objc; path = Tabuleiro.m; sourceTree = "<group>"; };
		158465591A8E72E3009DB20B /* Fila.h */ = {isa = PBXFileReference; fileEncoding = 4; lastKnownFileType = sourcecode.c.h; path = Fila.h; sourceTree = "<group>"; };
		1584655A1A8E72E3009DB20B /* Fila.m */ = {isa = PBXFileReference; fileEncoding = 4; lastKnownFileType = sourcecode.c.objc; path = Fila.m; sourceTree = "<group>"; };
		1584655C1A8E7353009DB20B /* Interface.h */ = {isa = PBXFileReference; fileEncoding = 4; lastKnownFileType = sourcecode.c.h; path = Interface.h; sourceTree = "<group>"; };
		1584655D1A8E7353009DB20B /* Interface.m */ = {isa = PBXFileReference; fileEncoding = 4; lastKnownFileType = sourcecode.c.objc; path = Interface.m; sourceTree = "<group>"; };
		1584655E1A8E7353009DB20B /* Jogador.h */ = {isa = PBXFileReference; fileEncoding = 4; lastKnownFileType = sourcecode.c.h; path = Jogador.h; sourceTree = "<group>"; };
		1584655F1A8E7353009DB20B /* Jogador.m */ = {isa = PBXFileReference; fileEncoding = 4; lastKnownFileType = sourcecode.c.objc; path = Jogador.m; sourceTree = "<group>"; };
		158465601A8E7353009DB20B /* Rank.h */ = {isa = PBXFileReference; fileEncoding = 4; lastKnownFileType = sourcecode.c.h; path = Rank.h; sourceTree = "<group>"; };
		158465611A8E7353009DB20B /* Rank.m */ = {isa = PBXFileReference; fileEncoding = 4; lastKnownFileType = sourcecode.c.objc; path = Rank.m; sourceTree = "<group>"; };
		52C7C1D31A912C9100C4A92D /* lalala.m */ = {isa = PBXFileReference; fileEncoding = 4; lastKnownFileType = sourcecode.c.objc; path = lalala.m; sourceTree = "<group>"; };
		EB290B0B1A8E65DB002F6373 /* GeniusRoarXXXDarklords */ = {isa = PBXFileReference; explicitFileType = "compiled.mach-o.executable"; includeInIndex = 0; path = GeniusRoarXXXDarklords; sourceTree = BUILT_PRODUCTS_DIR; };
		EB290B0E1A8E65DB002F6373 /* main.m */ = {isa = PBXFileReference; lastKnownFileType = sourcecode.c.objc; path = main.m; sourceTree = "<group>"; };
/* End PBXFileReference section */

/* Begin PBXFrameworksBuildPhase section */
		EB290B081A8E65DB002F6373 /* Frameworks */ = {
			isa = PBXFrameworksBuildPhase;
			buildActionMask = 2147483647;
			files = (
			);
			runOnlyForDeploymentPostprocessing = 0;
		};
/* End PBXFrameworksBuildPhase section */

/* Begin PBXGroup section */
		EB290B021A8E65DB002F6373 = {
			isa = PBXGroup;
			children = (
				EB290B0D1A8E65DB002F6373 /* GeniusRoarXXXDarklords */,
				EB290B0C1A8E65DB002F6373 /* Products */,
			);
			sourceTree = "<group>";
		};
		EB290B0C1A8E65DB002F6373 /* Products */ = {
			isa = PBXGroup;
			children = (
				EB290B0B1A8E65DB002F6373 /* GeniusRoarXXXDarklords */,
			);
			name = Products;
			sourceTree = "<group>";
		};
		EB290B0D1A8E65DB002F6373 /* GeniusRoarXXXDarklords */ = {
			isa = PBXGroup;
			children = (
				52C7C1D31A912C9100C4A92D /* lalala.m */,
				1584655C1A8E7353009DB20B /* Interface.h */,
				1584655D1A8E7353009DB20B /* Interface.m */,
				1584655E1A8E7353009DB20B /* Jogador.h */,
				1584655F1A8E7353009DB20B /* Jogador.m */,
				158465601A8E7353009DB20B /* Rank.h */,
				158465611A8E7353009DB20B /* Rank.m */,
				158465591A8E72E3009DB20B /* Fila.h */,
				1584655A1A8E72E3009DB20B /* Fila.m */,
				158465551A8E6BB6009DB20B /* Cores.h */,
				158465561A8E6BB6009DB20B /* Tabuleiro.h */,
				158465571A8E6BB6009DB20B /* Tabuleiro.m */,
				EB290B0E1A8E65DB002F6373 /* main.m */,
			);
			path = GeniusRoarXXXDarklords;
			sourceTree = "<group>";
		};
/* End PBXGroup section */

/* Begin PBXNativeTarget section */
		EB290B0A1A8E65DB002F6373 /* GeniusRoarXXXDarklords */ = {
			isa = PBXNativeTarget;
			buildConfigurationList = EB290B121A8E65DB002F6373 /* Build configuration list for PBXNativeTarget "GeniusRoarXXXDarklords" */;
			buildPhases = (
				EB290B071A8E65DB002F6373 /* Sources */,
				EB290B081A8E65DB002F6373 /* Frameworks */,
				EB290B091A8E65DB002F6373 /* CopyFiles */,
			);
			buildRules = (
			);
			dependencies = (
			);
			name = GeniusRoarXXXDarklords;
			productName = GeniusRoarXXXDarklords;
			productReference = EB290B0B1A8E65DB002F6373 /* GeniusRoarXXXDarklords */;
			productType = "com.apple.product-type.tool";
		};
/* End PBXNativeTarget section */

/* Begin PBXProject section */
		EB290B031A8E65DB002F6373 /* Project object */ = {
			isa = PBXProject;
			attributes = {
				LastUpgradeCheck = 0610;
				ORGANIZATIONNAME = "Os Sobras";
				TargetAttributes = {
					EB290B0A1A8E65DB002F6373 = {
						CreatedOnToolsVersion = 6.1.1;
					};
				};
			};
			buildConfigurationList = EB290B061A8E65DB002F6373 /* Build configuration list for PBXProject "GeniusRoarXXXDarklords" */;
			compatibilityVersion = "Xcode 3.2";
			developmentRegion = English;
			hasScannedForEncodings = 0;
			knownRegions = (
				en,
			);
			mainGroup = EB290B021A8E65DB002F6373;
			productRefGroup = EB290B0C1A8E65DB002F6373 /* Products */;
			projectDirPath = "";
			projectRoot = "";
			targets = (
				EB290B0A1A8E65DB002F6373 /* GeniusRoarXXXDarklords */,
			);
		};
/* End PBXProject section */

/* Begin PBXSourcesBuildPhase section */
		EB290B071A8E65DB002F6373 /* Sources */ = {
			isa = PBXSourcesBuildPhase;
			buildActionMask = 2147483647;
			files = (
				158465621A8E7353009DB20B /* Interface.m in Sources */,
				EB290B0F1A8E65DB002F6373 /* main.m in Sources */,
				1584655B1A8E72E3009DB20B /* Fila.m in Sources */,
				52C7C1D41A912C9100C4A92D /* lalala.m in Sources */,
				158465581A8E6BB6009DB20B /* Tabuleiro.m in Sources */,
				158465631A8E7353009DB20B /* Jogador.m in Sources */,
				158465641A8E7353009DB20B /* Rank.m in Sources */,
			);
			runOnlyForDeploymentPostprocessing = 0;
		};
/* End PBXSourcesBuildPhase section */

/* Begin XCBuildConfiguration section */
		EB290B101A8E65DB002F6373 /* Debug */ = {
			isa = XCBuildConfiguration;
			buildSettings = {
				ALWAYS_SEARCH_USER_PATHS = NO;
				CLANG_CXX_LANGUAGE_STANDARD = "gnu++0x";
				CLANG_CXX_LIBRARY = "libc++";
				CLANG_ENABLE_MODULES = YES;
				CLANG_ENABLE_OBJC_ARC = YES;
				CLANG_WARN_BOOL_CONVERSION = YES;
				CLANG_WARN_CONSTANT_CONVERSION = YES;
				CLANG_WARN_DIRECT_OBJC_ISA_USAGE = YES_ERROR;
				CLANG_WARN_EMPTY_BODY = YES;
				CLANG_WARN_ENUM_CONVERSION = YES;
				CLANG_WARN_INT_CONVERSION = YES;
				CLANG_WARN_OBJC_ROOT_CLASS = YES_ERROR;
				CLANG_WARN_UNREACHABLE_CODE = YES;
				CLANG_WARN__DUPLICATE_METHOD_MATCH = YES;
				COPY_PHASE_STRIP = NO;
				ENABLE_STRICT_OBJC_MSGSEND = YES;
				GCC_C_LANGUAGE_STANDARD = gnu99;
				GCC_DYNAMIC_NO_PIC = NO;
				GCC_OPTIMIZATION_LEVEL = 0;
				GCC_PREPROCESSOR_DEFINITIONS = (
					"DEBUG=1",
					"$(inherited)",
				);
				GCC_SYMBOLS_PRIVATE_EXTERN = NO;
				GCC_WARN_64_TO_32_BIT_CONVERSION = YES;
				GCC_WARN_ABOUT_RETURN_TYPE = YES_ERROR;
				GCC_WARN_UNDECLARED_SELECTOR = YES;
				GCC_WARN_UNINITIALIZED_AUTOS = YES_AGGRESSIVE;
				GCC_WARN_UNUSED_FUNCTION = YES;
				GCC_WARN_UNUSED_VARIABLE = YES;
				MACOSX_DEPLOYMENT_TARGET = 10.10;
				MTL_ENABLE_DEBUG_INFO = YES;
				ONLY_ACTIVE_ARCH = YES;
				SDKROOT = macosx;
			};
			name = Debug;
		};
		EB290B111A8E65DB002F6373 /* Release */ = {
			isa = XCBuildConfiguration;
			buildSettings = {
				ALWAYS_SEARCH_USER_PATHS = NO;
				CLANG_CXX_LANGUAGE_STANDARD = "gnu++0x";
				CLANG_CXX_LIBRARY = "libc++";
				CLANG_ENABLE_MODULES = YES;
				CLANG_ENABLE_OBJC_ARC = YES;
				CLANG_WARN_BOOL_CONVERSION = YES;
				CLANG_WARN_CONSTANT_CONVERSION = YES;
				CLANG_WARN_DIRECT_OBJC_ISA_USAGE = YES_ERROR;
				CLANG_WARN_EMPTY_BODY = YES;
				CLANG_WARN_ENUM_CONVERSION = YES;
				CLANG_WARN_INT_CONVERSION = YES;
				CLANG_WARN_OBJC_ROOT_CLASS = YES_ERROR;
				CLANG_WARN_UNREACHABLE_CODE = YES;
				CLANG_WARN__DUPLICATE_METHOD_MATCH = YES;
				COPY_PHASE_STRIP = YES;
				DEBUG_INFORMATION_FORMAT = "dwarf-with-dsym";
				ENABLE_NS_ASSERTIONS = NO;
				ENABLE_STRICT_OBJC_MSGSEND = YES;
				GCC_C_LANGUAGE_STANDARD = gnu99;
				GCC_WARN_64_TO_32_BIT_CONVERSION = YES;
				GCC_WARN_ABOUT_RETURN_TYPE = YES_ERROR;
				GCC_WARN_UNDECLARED_SELECTOR = YES;
				GCC_WARN_UNINITIALIZED_AUTOS = YES_AGGRESSIVE;
				GCC_WARN_UNUSED_FUNCTION = YES;
				GCC_WARN_UNUSED_VARIABLE = YES;
				MACOSX_DEPLOYMENT_TARGET = 10.10;
				MTL_ENABLE_DEBUG_INFO = NO;
				SDKROOT = macosx;
			};
			name = Release;
		};
		EB290B131A8E65DB002F6373 /* Debug */ = {
			isa = XCBuildConfiguration;
			buildSettings = {
				PRODUCT_NAME = "$(TARGET_NAME)";
			};
			name = Debug;
		};
		EB290B141A8E65DB002F6373 /* Release */ = {
			isa = XCBuildConfiguration;
			buildSettings = {
				PRODUCT_NAME = "$(TARGET_NAME)";
			};
			name = Release;
		};
/* End XCBuildConfiguration section */

/* Begin XCConfigurationList section */
		EB290B061A8E65DB002F6373 /* Build configuration list for PBXProject "GeniusRoarXXXDarklords" */ = {
			isa = XCConfigurationList;
			buildConfigurations = (
				EB290B101A8E65DB002F6373 /* Debug */,
				EB290B111A8E65DB002F6373 /* Release */,
			);
			defaultConfigurationIsVisible = 0;
			defaultConfigurationName = Release;
		};
		EB290B121A8E65DB002F6373 /* Build configuration list for PBXNativeTarget "GeniusRoarXXXDarklords" */ = {
			isa = XCConfigurationList;
			buildConfigurations = (
				EB290B131A8E65DB002F6373 /* Debug */,
				EB290B141A8E65DB002F6373 /* Release */,
			);
			defaultConfigurationIsVisible = 0;
			defaultConfigurationName = Release;
		};
/* End XCConfigurationList section */
	};
	rootObject = EB290B031A8E65DB002F6373 /* Project object */;
}
